
Microsoft Visual Studio Solution File, Format Version 12.00
# Visual Studio 15
Project("{FAE04EC0-301F-11D3-BF4B-00C04F79EFBC}") = "Assembly-CSharp", "Assembly-CSharp.csproj", "{B2B58FB2-4462-6B0C-A872-40DD957E5FE0}"
EndProject
Project("{FAE04EC0-301F-11D3-BF4B-00C04F79EFBC}") = "Assembly-CSharp-Editor", "Assembly-CSharp-Editor.csproj", "{5A0769DA-25DA-A68D-BA58-6ED404CB536B}"
EndProject
Project("{FAE04EC0-301F-11D3-BF4B-00C04F79EFBC}") = "PackageManagerAssembly", "PackageManagerAssembly.csproj", "{DDDD4F80-2416-4339-9B6C-103B146E60EF}"
EndProject
Project("{FAE04EC0-301F-11D3-BF4B-00C04F79EFBC}") = "ExternalCheck", "ExternalCheck.csproj", "{805473D1-8BD1-BB60-108D-6C4448C3DFA8}"
EndProject
Global
	GlobalSection(SolutionConfigurationPlatforms) = preSolution
		Debug|Any CPU = Debug|Any CPU
		Release|Any CPU = Release|Any CPU
	EndGlobalSection
	GlobalSection(ProjectConfigurationPlatforms) = postSolution
		{B2B58FB2-4462-6B0C-A872-40DD957E5FE0}.Debug|Any CPU.ActiveCfg = Debug|Any CPU
		{B2B58FB2-4462-6B0C-A872-40DD957E5FE0}.Debug|Any CPU.Build.0 = Debug|Any CPU
		{B2B58FB2-4462-6B0C-A872-40DD957E5FE0}.Release|Any CPU.ActiveCfg = Release|Any CPU
		{B2B58FB2-4462-6B0C-A872-40DD957E5FE0}.Release|Any CPU.Build.0 = Release|Any CPU
		{5A0769DA-25DA-A68D-BA58-6ED404CB536B}.Debug|Any CPU.ActiveCfg = Debug|Any CPU
		{5A0769DA-25DA-A68D-BA58-6ED404CB536B}.Debug|Any CPU.Build.0 = Debug|Any CPU
		{5A0769DA-25DA-A68D-BA58-6ED404CB536B}.Release|Any CPU.ActiveCfg = Release|Any CPU
		{5A0769DA-25DA-A68D-BA58-6ED404CB536B}.Release|Any CPU.Build.0 = Release|Any CPU
		{DDDD4F80-2416-4339-9B6C-103B146E60EF}.Debug|Any CPU.ActiveCfg = Debug|Any CPU
		{DDDD4F80-2416-4339-9B6C-103B146E60EF}.Debug|Any CPU.Build.0 = Debug|Any CPU
		{DDDD4F80-2416-4339-9B6C-103B146E60EF}.Release|Any CPU.ActiveCfg = Release|Any CPU
		{DDDD4F80-2416-4339-9B6C-103B146E60EF}.Release|Any CPU.Build.0 = Release|Any CPU
		{805473D1-8BD1-BB60-108D-6C4448C3DFA8}.Debug|Any CPU.ActiveCfg = Debug|Any CPU
		{805473D1-8BD1-BB60-108D-6C4448C3DFA8}.Debug|Any CPU.Build.0 = Debug|Any CPU
		{805473D1-8BD1-BB60-108D-6C4448C3DFA8}.Release|Any CPU.ActiveCfg = Release|Any CPU
		{805473D1-8BD1-BB60-108D-6C4448C3DFA8}.Release|Any CPU.Build.0 = Release|Any CPU
	EndGlobalSection
	GlobalSection(SolutionProperties) = preSolution
		HideSolutionNode = FALSE
	EndGlobalSection
EndGlobal
